{
  "version": 4,
  "terraform_version": "0.15.3",
  "serial": 61,
  "lineage": "dd2cd2fc-e8c8-a18c-955f-c49251a054ce",
  "outputs": {},
  "resources": [
    {
      "mode": "data",
      "type": "google_client_config",
      "name": "default",
      "provider": "provider[\"registry.terraform.io/hashicorp/google\"]",
      "instances": [
        {
          "schema_version": 0,
          "attributes": {
            "access_token": "ya29.c.KqgBAQj1V-uWuXJIiYsXC8pwMJf-c3c-lEeEh5Eo7Z_p6-pPVmq5Nm1oBe8OyYLxS9W6llTuqUWtf14sbox8_cmAZMi0eqBoiFh9btNe83Rf2y-e-Y2bQrZA4bknvgLLUbhEBgCyYB3cI0Oj_07o-TVQ83_rLMlJS1wgLBlKDNsEUrlFKxsJZg-ld8EVB3GknozSvRDz1I3BglCuWMoQLqXnKwhVjq5F21w5",
            "id": "projects/dwright-gcp-demos/regions/us-central1/zones/us-central1-c",
            "project": "dwright-gcp-demos",
            "region": "us-central1",
            "zone": "us-central1-c"
          },
          "sensitive_attributes": []
        }
      ]
    },
    {
      "mode": "managed",
      "type": "google_container_cluster",
      "name": "k8sexample",
      "provider": "provider[\"registry.terraform.io/hashicorp/google\"]",
      "instances": [
        {
          "schema_version": 1,
          "attributes": {
            "addons_config": [
              {
                "cloudrun_config": [],
                "horizontal_pod_autoscaling": [],
                "http_load_balancing": [],
                "network_policy_config": [
                  {
                    "disabled": true
                  }
                ]
              }
            ],
            "authenticator_groups_config": [],
            "cluster_autoscaling": [
              {
                "auto_provisioning_defaults": [],
                "enabled": false,
                "resource_limits": []
              }
            ],
            "cluster_ipv4_cidr": "10.64.0.0/14",
            "database_encryption": [
              {
                "key_name": "",
                "state": "DECRYPTED"
              }
            ],
            "datapath_provider": "",
            "default_max_pods_per_node": null,
            "default_snat_status": [
              {
                "disabled": false
              }
            ],
            "description": "k8s demo cluster",
            "enable_autopilot": false,
            "enable_binary_authorization": false,
            "enable_intranode_visibility": false,
            "enable_kubernetes_alpha": false,
            "enable_legacy_abac": false,
            "enable_shielded_nodes": false,
            "enable_tpu": false,
            "endpoint": "34.71.39.116",
            "id": "projects/dwright-gcp-demos/locations/us-central1-c/clusters/k8s-vault-sheepdog",
            "initial_node_count": 3,
            "instance_group_urls": [
              "https://www.googleapis.com/compute/v1/projects/dwright-gcp-demos/zones/us-central1-c/instanceGroups/gke-k8s-vault-sheepdog-default-pool-a2b3bdd5-grp"
            ],
            "ip_allocation_policy": [],
            "label_fingerprint": "a9dc16a7",
            "location": "us-central1-c",
            "logging_service": "logging.googleapis.com/kubernetes",
            "maintenance_policy": [],
            "master_auth": [
              {
                "client_certificate": "",
                "client_certificate_config": [
                  {
                    "issue_client_certificate": false
                  }
                ],
                "client_key": "",
                "cluster_ca_certificate": "LS0tLS1CRUdJTiBDRVJUSUZJQ0FURS0tLS0tCk1JSURLakNDQWhLZ0F3SUJBZ0lRZnNRL3FlRWVmOWNwZGxhVkx0N2hYakFOQmdrcWhraUc5dzBCQVFzRkFEQXYKTVMwd0t3WURWUVFERXlReU1EQXhZbVprWXkweVpqZ3dMVFJrT1dZdFlXWmpaUzAyTUdFeVlqTTBNelpoWWpVdwpIaGNOTWpFd05qQXhNak15TVRNM1doY05Nall3TmpBeE1EQXlNVE0zV2pBdk1TMHdLd1lEVlFRREV5UXlNREF4ClltWmtZeTB5Wmpnd0xUUmtPV1l0WVdaalpTMDJNR0V5WWpNME16WmhZalV3Z2dFaU1BMEdDU3FHU0liM0RRRUIKQVFVQUE0SUJEd0F3Z2dFS0FvSUJBUUNMbDQwVUxZK2ppaCt5aDdrb3ZSNXZnZ1ZZamxaREgwM25uRUk3Snd4RQpTcXo1dnI1anJyY0JlYnJ4K1kvSU56YnVGa0hIZXk0WGx4d0pQNEJPbUVrZi9GWTVvYlgwRFVlMk9oNkZtSVdYClA5NXVXTmF0QkpHTFovRjhNSTgzeFNTNmRrVHJNTmRoMjg3YS8vTTVRb3FkQXZtUHZXM2xJdENscjJ2MUZkdnoKbGw0RnpBYUxlbVF5MDVGeXZiSTZyT0JvM2YwZG04Q2FQZ1JYZUpyM21UbERrYVNaT3I3aWFETUNUWUZFa0taSQpYQ2l5WTNFc0VrcUl6NXN6V1VpcVNMd1FxMFlMM1J0QnJDcGhYN1MwSEdzWEdJM1BmNUZpVTBKeGVQOVg3N2RNCmZjaE9CRHFiS0grS1Y3ZVM1cXJEeDBxcktlZHViVGNuNVBGOXJZYnhlbVFSQWdNQkFBR2pRakJBTUE0R0ExVWQKRHdFQi93UUVBd0lDQkRBUEJnTlZIUk1CQWY4RUJUQURBUUgvTUIwR0ExVWREZ1FXQkJTVG1NZ29YMTZDUjVNMgpWWDhMZitGUEZjc0w5akFOQmdrcWhraUc5dzBCQVFzRkFBT0NBUUVBYmJTazU5SVl4Z1ozdWh6R3F6aGlsY2MyClhVNEI4S3RWYkRscFBRZG9idHJUOGEwV2FnRnE0YURXdlZVWk9wMktMejBKbmR5SE50Zno0UkpPUndyZ0VUY1kKdmZTMTRjSVJmMjdtOTlZTFMwL2xhMkMwU1ExQWIrQURaeHV5a0Yrd0lQSE5uL0c4ZlMwY2RDaWh3cFYvalZpUApacGpUZDVCdjNaZ3pNUmhydlNxcVRaVnpEWkhsZmhob2pkTFhKdCs5Rk9OQkU1aVpwR3VlTENlVWl1U2wrYjg5Cmx3Q05HTFBsQTI2Z2N0N1ZCSDdlajZiejlwcXhXbGlKdEFzQXh6Qi9CVWZzNGtiNDZMMTVQQTRaK1QxOWFobFoKUGlSYkNLUEt0ZEpJOTlmK2lPNmd3Nm14RzVIZm5xMkhhZ1pUVjJHcENpblpMSytUZWpBbTFJd1ZuRnlFN0E9PQotLS0tLUVORCBDRVJUSUZJQ0FURS0tLS0tCg==",
                "password": "",
                "username": ""
              }
            ],
            "master_authorized_networks_config": [],
            "master_version": "1.19.9-gke.1900",
            "min_master_version": null,
            "monitoring_service": "monitoring.googleapis.com/kubernetes",
            "name": "k8s-vault-sheepdog",
            "network": "projects/dwright-gcp-demos/global/networks/default",
            "network_policy": [
              {
                "enabled": false,
                "provider": "PROVIDER_UNSPECIFIED"
              }
            ],
            "networking_mode": "ROUTES",
            "node_config": [
              {
                "disk_size_gb": 30,
                "disk_type": "pd-standard",
                "guest_accelerator": [],
                "image_type": "COS_CONTAINERD",
                "labels": {},
                "local_ssd_count": 0,
                "machine_type": "n1-standard-2",
                "metadata": {
                  "disable-legacy-endpoints": "true"
                },
                "min_cpu_platform": "",
                "oauth_scopes": [
                  "https://www.googleapis.com/auth/cloud-platform"
                ],
                "preemptible": false,
                "service_account": "service-account-id@dwright-gcp-demos.iam.gserviceaccount.com",
                "shielded_instance_config": [
                  {
                    "enable_integrity_monitoring": true,
                    "enable_secure_boot": false
                  }
                ],
                "tags": [],
                "taint": [],
                "workload_metadata_config": []
              }
            ],
            "node_locations": [],
            "node_pool": [
              {
                "autoscaling": [],
                "initial_node_count": 3,
                "instance_group_urls": [
                  "https://www.googleapis.com/compute/v1/projects/dwright-gcp-demos/zones/us-central1-c/instanceGroupManagers/gke-k8s-vault-sheepdog-default-pool-a2b3bdd5-grp"
                ],
                "management": [
                  {
                    "auto_repair": true,
                    "auto_upgrade": true
                  }
                ],
                "max_pods_per_node": 0,
                "name": "default-pool",
                "name_prefix": "",
                "node_config": [
                  {
                    "disk_size_gb": 30,
                    "disk_type": "pd-standard",
                    "guest_accelerator": [],
                    "image_type": "COS_CONTAINERD",
                    "labels": {},
                    "local_ssd_count": 0,
                    "machine_type": "n1-standard-2",
                    "metadata": {
                      "disable-legacy-endpoints": "true"
                    },
                    "min_cpu_platform": "",
                    "oauth_scopes": [
                      "https://www.googleapis.com/auth/cloud-platform"
                    ],
                    "preemptible": false,
                    "service_account": "service-account-id@dwright-gcp-demos.iam.gserviceaccount.com",
                    "shielded_instance_config": [
                      {
                        "enable_integrity_monitoring": true,
                        "enable_secure_boot": false
                      }
                    ],
                    "tags": [],
                    "taint": [],
                    "workload_metadata_config": []
                  }
                ],
                "node_count": 3,
                "node_locations": [
                  "us-central1-c"
                ],
                "upgrade_settings": [
                  {
                    "max_surge": 1,
                    "max_unavailable": 0
                  }
                ],
                "version": "1.19.9-gke.1900"
              }
            ],
            "node_version": "1.19.9-gke.1900",
            "operation": null,
            "pod_security_policy_config": [],
            "private_cluster_config": [],
            "private_ipv6_google_access": "",
            "project": "dwright-gcp-demos",
            "release_channel": [
              {
                "channel": "REGULAR"
              }
            ],
            "remove_default_node_pool": null,
            "resource_labels": {},
            "resource_usage_export_config": [],
            "self_link": "https://container.googleapis.com/v1beta1/projects/dwright-gcp-demos/zones/us-central1-c/clusters/k8s-vault-sheepdog",
            "services_ipv4_cidr": "10.67.240.0/20",
            "subnetwork": "projects/dwright-gcp-demos/regions/us-central1/subnetworks/default",
            "timeouts": null,
            "tpu_ipv4_cidr_block": "",
            "vertical_pod_autoscaling": [],
            "workload_identity_config": []
          },
          "sensitive_attributes": [],
          "private": "eyJlMmJmYjczMC1lY2FhLTExZTYtOGY4OC0zNDM2M2JjN2M0YzAiOnsiY3JlYXRlIjoyNDAwMDAwMDAwMDAwLCJkZWxldGUiOjI0MDAwMDAwMDAwMDAsInJlYWQiOjI0MDAwMDAwMDAwMDAsInVwZGF0ZSI6MzYwMDAwMDAwMDAwMH0sInNjaGVtYV92ZXJzaW9uIjoiMSJ9",
          "dependencies": [
            "random_pet.name",
            "google_service_account.default"
          ]
        }
      ]
    },
    {
      "mode": "managed",
      "type": "google_service_account",
      "name": "default",
      "provider": "provider[\"registry.terraform.io/hashicorp/google\"]",
      "instances": [
        {
          "schema_version": 0,
          "attributes": {
            "account_id": "service-account-id",
            "description": "",
            "display_name": "Service Account",
            "email": "service-account-id@dwright-gcp-demos.iam.gserviceaccount.com",
            "id": "projects/dwright-gcp-demos/serviceAccounts/service-account-id@dwright-gcp-demos.iam.gserviceaccount.com",
            "name": "projects/dwright-gcp-demos/serviceAccounts/service-account-id@dwright-gcp-demos.iam.gserviceaccount.com",
            "project": "dwright-gcp-demos",
            "timeouts": null,
            "unique_id": "118196587419954823528"
          },
          "sensitive_attributes": [],
          "private": "eyJlMmJmYjczMC1lY2FhLTExZTYtOGY4OC0zNDM2M2JjN2M0YzAiOnsiY3JlYXRlIjozMDAwMDAwMDAwMDB9fQ=="
        }
      ]
    },
    {
      "mode": "managed",
      "type": "helm_release",
      "name": "vault",
      "provider": "provider[\"registry.terraform.io/hashicorp/helm\"]",
      "instances": [
        {
          "schema_version": 0,
          "attributes": {
            "atomic": false,
            "chart": "vault",
            "cleanup_on_fail": false,
            "create_namespace": false,
            "dependency_update": false,
            "description": null,
            "devel": null,
            "disable_crd_hooks": false,
            "disable_openapi_validation": false,
            "disable_webhooks": false,
            "force_update": false,
            "id": "vault",
            "keyring": null,
            "lint": false,
            "max_history": 0,
            "metadata": [
              {
                "app_version": "1.7.2",
                "chart": "vault",
                "name": "vault",
                "namespace": "default",
                "revision": 1,
                "values": "{\"server\":{\"image\":{\"repository\":\"hashicorp/vault-enterprise\",\"tag\":\"latest\"},\"standalone\":{\"enabled\":true}},\"ui\":{\"annotations\":{},\"enabled\":true,\"externalPort\":8200,\"serviceNodePort\":null,\"serviceType\":\"LoadBalancer\"}}",
                "version": "0.12.0"
              }
            ],
            "name": "vault",
            "namespace": "default",
            "postrender": [],
            "recreate_pods": false,
            "render_subchart_notes": true,
            "replace": false,
            "repository": "https://helm.releases.hashicorp.com",
            "repository_ca_file": null,
            "repository_cert_file": null,
            "repository_key_file": null,
            "repository_password": null,
            "repository_username": null,
            "reset_values": false,
            "reuse_values": false,
            "set": [
              {
                "name": "server.image.repository",
                "type": "",
                "value": "hashicorp/vault-enterprise"
              },
              {
                "name": "server.image.tag",
                "type": "",
                "value": "latest"
              },
              {
                "name": "server.standalone.enabled",
                "type": "",
                "value": "true"
              }
            ],
            "set_sensitive": [],
            "skip_crds": false,
            "status": "deployed",
            "timeout": 300,
            "values": [
              "# Vault UI\nui:\n  # True if you want to create a Service entry for the Vault UI.\n  #\n  # serviceType can be used to control the type of service created. For\n  # example, setting this to \"LoadBalancer\" will create an external load\n  # balancer (for supported K8S installations) to access the UI.\n  enabled: true\n  serviceType: \"LoadBalancer\"\n  serviceNodePort: null\n  externalPort: 8200\n\n  # loadBalancerSourceRanges:\n  #   - 10.0.0.0/16\n  #   - 1.78.23.3/32\n\n  # loadBalancerIP:\n\n  # Extra annotations to attach to the ui service\n  # This can either be YAML or a YAML-formatted multi-line templated string map\n  # of the annotations to apply to the ui service\n  annotations: {}"
            ],
            "verify": false,
            "version": "0.12.0",
            "wait": true
          },
          "sensitive_attributes": [],
          "private": "bnVsbA==",
          "dependencies": [
            "google_service_account.default",
            "random_pet.name",
            "data.google_client_config.default",
            "google_container_cluster.k8sexample"
          ]
        }
      ]
    },
    {
      "mode": "managed",
      "type": "random_pet",
      "name": "name",
      "provider": "provider[\"registry.terraform.io/hashicorp/random\"]",
      "instances": [
        {
          "schema_version": 0,
          "attributes": {
            "id": "k8s-vault-sheepdog",
            "keepers": null,
            "length": 1,
            "prefix": "k8s-vault",
            "separator": "-"
          },
          "sensitive_attributes": [],
          "private": "bnVsbA=="
        }
      ]
    }
  ]
}
